
Microsoft Visual Studio Solution File, Format Version 12.00
# Visual Studio Version 17
VisualStudioVersion = 17.8.34330.188
MinimumVisualStudioVersion = 10.0.40219.1
Project("{8BC9CEB8-8B4A-11D0-8D11-00A0C91BC942}") = "Третий зачет первое задание", "Третий зачет первое задание.vcxproj", "{0B6575E6-84E2-4CE2-A475-FE0B2AE7A081}"
EndProject
Global
	GlobalSection(SolutionConfigurationPlatforms) = preSolution
		Debug|x64 = Debug|x64
		Debug|x86 = Debug|x86
		Release|x64 = Release|x64
		Release|x86 = Release|x86
	EndGlobalSection
	GlobalSection(ProjectConfigurationPlatforms) = postSolution
		{0B6575E6-84E2-4CE2-A475-FE0B2AE7A081}.Debug|x64.ActiveCfg = Debug|x64
		{0B6575E6-84E2-4CE2-A475-FE0B2AE7A081}.Debug|x64.Build.0 = Debug|x64
		{0B6575E6-84E2-4CE2-A475-FE0B2AE7A081}.Debug|x86.ActiveCfg = Debug|Win32
		{0B6575E6-84E2-4CE2-A475-FE0B2AE7A081}.Debug|x86.Build.0 = Debug|Win32
		{0B6575E6-84E2-4CE2-A475-FE0B2AE7A081}.Release|x64.ActiveCfg = Release|x64
		{0B6575E6-84E2-4CE2-A475-FE0B2AE7A081}.Release|x64.Build.0 = Release|x64
		{0B6575E6-84E2-4CE2-A475-FE0B2AE7A081}.Release|x86.ActiveCfg = Release|Win32
		{0B6575E6-84E2-4CE2-A475-FE0B2AE7A081}.Release|x86.Build.0 = Release|Win32
	EndGlobalSection
	GlobalSection(SolutionProperties) = preSolution
		HideSolutionNode = FALSE
	EndGlobalSection
	GlobalSection(ExtensibilityGlobals) = postSolution
		SolutionGuid = {A9474FD2-8A27-4D29-94B8-9536B92E843B}
	EndGlobalSection
EndGlobal
